
Microsoft Visual Studio Solution File, Format Version 12.00
# Visual Studio Version 17
VisualStudioVersion = 17.6.33829.357
MinimumVisualStudioVersion = 10.0.40219.1
Project("{9A19103F-16F7-4668-BE54-9A1E7A4F7556}") = "Test1.Module", "Test1.Module\Test1.Module.csproj", "{509C6BE2-D354-4C90-AC01-019B0CBA2752}"
EndProject
Project("{9A19103F-16F7-4668-BE54-9A1E7A4F7556}") = "Test1.Blazor.Server", "Test1.Blazor.Server\Test1.Blazor.Server.csproj", "{457D6CBA-0705-4F54-AA3B-8C12161B131E}"
EndProject
Global
	GlobalSection(SolutionConfigurationPlatforms) = preSolution
		Debug|Any CPU = Debug|Any CPU
		EasyTest|Any CPU = EasyTest|Any CPU
		Release|Any CPU = Release|Any CPU
	EndGlobalSection
	GlobalSection(ProjectConfigurationPlatforms) = postSolution
		{509C6BE2-D354-4C90-AC01-019B0CBA2752}.Debug|Any CPU.ActiveCfg = Debug|Any CPU
		{509C6BE2-D354-4C90-AC01-019B0CBA2752}.Debug|Any CPU.Build.0 = Debug|Any CPU
		{509C6BE2-D354-4C90-AC01-019B0CBA2752}.EasyTest|Any CPU.ActiveCfg = EasyTest|Any CPU
		{509C6BE2-D354-4C90-AC01-019B0CBA2752}.EasyTest|Any CPU.Build.0 = EasyTest|Any CPU
		{509C6BE2-D354-4C90-AC01-019B0CBA2752}.Release|Any CPU.ActiveCfg = Release|Any CPU
		{509C6BE2-D354-4C90-AC01-019B0CBA2752}.Release|Any CPU.Build.0 = Release|Any CPU
		{457D6CBA-0705-4F54-AA3B-8C12161B131E}.Debug|Any CPU.ActiveCfg = Debug|Any CPU
		{457D6CBA-0705-4F54-AA3B-8C12161B131E}.Debug|Any CPU.Build.0 = Debug|Any CPU
		{457D6CBA-0705-4F54-AA3B-8C12161B131E}.EasyTest|Any CPU.ActiveCfg = EasyTest|Any CPU
		{457D6CBA-0705-4F54-AA3B-8C12161B131E}.EasyTest|Any CPU.Build.0 = EasyTest|Any CPU
		{457D6CBA-0705-4F54-AA3B-8C12161B131E}.Release|Any CPU.ActiveCfg = Release|Any CPU
		{457D6CBA-0705-4F54-AA3B-8C12161B131E}.Release|Any CPU.Build.0 = Release|Any CPU
	EndGlobalSection
	GlobalSection(SolutionProperties) = preSolution
		HideSolutionNode = FALSE
	EndGlobalSection
	GlobalSection(ExtensibilityGlobals) = postSolution
		SolutionGuid = {2AD9F36F-A0D0-48FB-BCB3-5584F6778854}
	EndGlobalSection
EndGlobal
